// !$*UTF8*$!
{
	archiveVersion = 1;
	classes = {
	};
	objectVersion = 56;
	objects = {

/* Begin PBXBuildFile section */
		6550515F2BD2F6A6003868B7 /* MealDBApp.swift in Sources */ = {isa = PBXBuildFile; fileRef = 6550515E2BD2F6A6003868B7 /* MealDBApp.swift */; };
		655051612BD2F6A6003868B7 /* DessertView.swift in Sources */ = {isa = PBXBuildFile; fileRef = 655051602BD2F6A6003868B7 /* DessertView.swift */; };
		655051632BD2F6A7003868B7 /* Assets.xcassets in Resources */ = {isa = PBXBuildFile; fileRef = 655051622BD2F6A7003868B7 /* Assets.xcassets */; };
		655051662BD2F6A7003868B7 /* Preview Assets.xcassets in Resources */ = {isa = PBXBuildFile; fileRef = 655051652BD2F6A7003868B7 /* Preview Assets.xcassets */; };
		655051702BD2F6A7003868B7 /* CategoryTest.swift in Sources */ = {isa = PBXBuildFile; fileRef = 6550516F2BD2F6A7003868B7 /* CategoryTest.swift */; };
		6550517A2BD2F6A7003868B7 /* MealDBUITests.swift in Sources */ = {isa = PBXBuildFile; fileRef = 655051792BD2F6A7003868B7 /* MealDBUITests.swift */; };
		6550517C2BD2F6A7003868B7 /* MealDBUITestsLaunchTests.swift in Sources */ = {isa = PBXBuildFile; fileRef = 6550517B2BD2F6A7003868B7 /* MealDBUITestsLaunchTests.swift */; };
		6550518C2BD2F7D2003868B7 /* HTTPMethod.swift in Sources */ = {isa = PBXBuildFile; fileRef = 6550518B2BD2F7D2003868B7 /* HTTPMethod.swift */; };
		6550518E2BD2F7E4003868B7 /* NetworkService.swift in Sources */ = {isa = PBXBuildFile; fileRef = 6550518D2BD2F7E4003868B7 /* NetworkService.swift */; };
		655051912BD2F805003868B7 /* APIEndPoint.swift in Sources */ = {isa = PBXBuildFile; fileRef = 655051902BD2F805003868B7 /* APIEndPoint.swift */; };
		655051932BD2F82B003868B7 /* CategoryEndPoint.swift in Sources */ = {isa = PBXBuildFile; fileRef = 655051922BD2F82B003868B7 /* CategoryEndPoint.swift */; };
		655051972BD2F8F9003868B7 /* Meal.swift in Sources */ = {isa = PBXBuildFile; fileRef = 655051962BD2F8F9003868B7 /* Meal.swift */; };
		6550519C2BD2F9B1003868B7 /* APIService.swift in Sources */ = {isa = PBXBuildFile; fileRef = 6550519B2BD2F9B1003868B7 /* APIService.swift */; };
		6550519F2BD2FBEB003868B7 /* CategoryRepo.swift in Sources */ = {isa = PBXBuildFile; fileRef = 6550519E2BD2FBEB003868B7 /* CategoryRepo.swift */; };
		655051A42BD2FC51003868B7 /* CategoryRepoImpl.swift in Sources */ = {isa = PBXBuildFile; fileRef = 655051A32BD2FC51003868B7 /* CategoryRepoImpl.swift */; };
		655051A62BD2FC86003868B7 /* BaseRepo.swift in Sources */ = {isa = PBXBuildFile; fileRef = 655051A52BD2FC86003868B7 /* BaseRepo.swift */; };
		655051A92BD2FE98003868B7 /* FetchDessertMealListUseCase.swift in Sources */ = {isa = PBXBuildFile; fileRef = 655051A82BD2FE98003868B7 /* FetchDessertMealListUseCase.swift */; };
		655051AA2BD2FEDD003868B7 /* FetchDessertMealListUseCase.swift in Sources */ = {isa = PBXBuildFile; fileRef = 655051A82BD2FE98003868B7 /* FetchDessertMealListUseCase.swift */; };
		655051AB2BD2FEDF003868B7 /* CategoryRepo.swift in Sources */ = {isa = PBXBuildFile; fileRef = 6550519E2BD2FBEB003868B7 /* CategoryRepo.swift */; };
		655051AC2BD2FEE2003868B7 /* BaseRepo.swift in Sources */ = {isa = PBXBuildFile; fileRef = 655051A52BD2FC86003868B7 /* BaseRepo.swift */; };
		655051AD2BD2FEE5003868B7 /* CategoryRepoImpl.swift in Sources */ = {isa = PBXBuildFile; fileRef = 655051A32BD2FC51003868B7 /* CategoryRepoImpl.swift */; };
		655051AE2BD2FEE7003868B7 /* APIService.swift in Sources */ = {isa = PBXBuildFile; fileRef = 6550519B2BD2F9B1003868B7 /* APIService.swift */; };
		655051AF2BD2FEEB003868B7 /* APIEndPoint.swift in Sources */ = {isa = PBXBuildFile; fileRef = 655051902BD2F805003868B7 /* APIEndPoint.swift */; };
		655051B02BD2FEEE003868B7 /* CategoryEndPoint.swift in Sources */ = {isa = PBXBuildFile; fileRef = 655051922BD2F82B003868B7 /* CategoryEndPoint.swift */; };
		655051B12BD2FEF1003868B7 /* HTTPMethod.swift in Sources */ = {isa = PBXBuildFile; fileRef = 6550518B2BD2F7D2003868B7 /* HTTPMethod.swift */; };
		655051B22BD2FEF4003868B7 /* NetworkService.swift in Sources */ = {isa = PBXBuildFile; fileRef = 6550518D2BD2F7E4003868B7 /* NetworkService.swift */; };
		655051B32BD300AC003868B7 /* Meal.swift in Sources */ = {isa = PBXBuildFile; fileRef = 655051962BD2F8F9003868B7 /* Meal.swift */; };
		655051B62BD30596003868B7 /* DessertViewModel.swift in Sources */ = {isa = PBXBuildFile; fileRef = 655051B52BD30596003868B7 /* DessertViewModel.swift */; };
		655051B92BD306DD003868B7 /* ViewState.swift in Sources */ = {isa = PBXBuildFile; fileRef = 655051B82BD306DD003868B7 /* ViewState.swift */; };
		655051BC2BD30A9F003868B7 /* Nuke in Frameworks */ = {isa = PBXBuildFile; productRef = 655051BB2BD30A9F003868B7 /* Nuke */; };
		655051BE2BD30A9F003868B7 /* NukeUI in Frameworks */ = {isa = PBXBuildFile; productRef = 655051BD2BD30A9F003868B7 /* NukeUI */; };
		655051C02BD30AF5003868B7 /* MealViewCell.swift in Sources */ = {isa = PBXBuildFile; fileRef = 655051BF2BD30AF5003868B7 /* MealViewCell.swift */; };
		655051C22BD3117F003868B7 /* MealDetail.swift in Sources */ = {isa = PBXBuildFile; fileRef = 655051C12BD3117F003868B7 /* MealDetail.swift */; };
		655051C42BD31336003868B7 /* MealRepo.swift in Sources */ = {isa = PBXBuildFile; fileRef = 655051C32BD31336003868B7 /* MealRepo.swift */; };
		655051C62BD3135F003868B7 /* MealRepoImpl.swift in Sources */ = {isa = PBXBuildFile; fileRef = 655051C52BD3135F003868B7 /* MealRepoImpl.swift */; };
		655051C82BD31492003868B7 /* MealTest.swift in Sources */ = {isa = PBXBuildFile; fileRef = 655051C72BD31492003868B7 /* MealTest.swift */; };
		655051CA2BD3152D003868B7 /* MealEndPoint.swift in Sources */ = {isa = PBXBuildFile; fileRef = 655051C92BD3152D003868B7 /* MealEndPoint.swift */; };
		655051CC2BD31A2A003868B7 /* MealError.swift in Sources */ = {isa = PBXBuildFile; fileRef = 655051CB2BD31A2A003868B7 /* MealError.swift */; };
		655051CE2BD31D66003868B7 /* LookUpMealUseCase.swift in Sources */ = {isa = PBXBuildFile; fileRef = 655051CD2BD31D66003868B7 /* LookUpMealUseCase.swift */; };
		655051D12BD31E41003868B7 /* Measurement.swift in Sources */ = {isa = PBXBuildFile; fileRef = 655051D02BD31E41003868B7 /* Measurement.swift */; };
		655051D22BD321B9003868B7 /* LookUpMealUseCase.swift in Sources */ = {isa = PBXBuildFile; fileRef = 655051CD2BD31D66003868B7 /* LookUpMealUseCase.swift */; };
		655051D32BD322F4003868B7 /* MealRepo.swift in Sources */ = {isa = PBXBuildFile; fileRef = 655051C32BD31336003868B7 /* MealRepo.swift */; };
		655051D42BD322F6003868B7 /* MealDetail.swift in Sources */ = {isa = PBXBuildFile; fileRef = 655051C12BD3117F003868B7 /* MealDetail.swift */; };
		655051D52BD32306003868B7 /* MealRepoImpl.swift in Sources */ = {isa = PBXBuildFile; fileRef = 655051C52BD3135F003868B7 /* MealRepoImpl.swift */; };
		655051D62BD32328003868B7 /* MealEndPoint.swift in Sources */ = {isa = PBXBuildFile; fileRef = 655051C92BD3152D003868B7 /* MealEndPoint.swift */; };
		655051D72BD32362003868B7 /* MealError.swift in Sources */ = {isa = PBXBuildFile; fileRef = 655051CB2BD31A2A003868B7 /* MealError.swift */; };
		655051DA2BD325A3003868B7 /* MealDetailView.swift in Sources */ = {isa = PBXBuildFile; fileRef = 655051D92BD325A3003868B7 /* MealDetailView.swift */; };
		655051DC2BD326EA003868B7 /* MealDetailViewModel.swift in Sources */ = {isa = PBXBuildFile; fileRef = 655051DB2BD326EA003868B7 /* MealDetailViewModel.swift */; };
/* End PBXBuildFile section */

/* Begin PBXContainerItemProxy section */
		6550516C2BD2F6A7003868B7 /* PBXContainerItemProxy */ = {
			isa = PBXContainerItemProxy;
			containerPortal = 655051532BD2F6A6003868B7 /* Project object */;
			proxyType = 1;
			remoteGlobalIDString = 6550515A2BD2F6A6003868B7;
			remoteInfo = MealDB;
		};
		655051762BD2F6A7003868B7 /* PBXContainerItemProxy */ = {
			isa = PBXContainerItemProxy;
			containerPortal = 655051532BD2F6A6003868B7 /* Project object */;
			proxyType = 1;
			remoteGlobalIDString = 6550515A2BD2F6A6003868B7;
			remoteInfo = MealDB;
		};
/* End PBXContainerItemProxy section */

/* Begin PBXFileReference section */
		6550515B2BD2F6A6003868B7 /* MealDB.app */ = {isa = PBXFileReference; explicitFileType = wrapper.application; includeInIndex = 0; path = MealDB.app; sourceTree = BUILT_PRODUCTS_DIR; };
		6550515E2BD2F6A6003868B7 /* MealDBApp.swift */ = {isa = PBXFileReference; lastKnownFileType = sourcecode.swift; path = MealDBApp.swift; sourceTree = "<group>"; };
		655051602BD2F6A6003868B7 /* DessertView.swift */ = {isa = PBXFileReference; lastKnownFileType = sourcecode.swift; path = DessertView.swift; sourceTree = "<group>"; };
		655051622BD2F6A7003868B7 /* Assets.xcassets */ = {isa = PBXFileReference; lastKnownFileType = folder.assetcatalog; path = Assets.xcassets; sourceTree = "<group>"; };
		655051652BD2F6A7003868B7 /* Preview Assets.xcassets */ = {isa = PBXFileReference; lastKnownFileType = folder.assetcatalog; path = "Preview Assets.xcassets"; sourceTree = "<group>"; };
		6550516B2BD2F6A7003868B7 /* MealDBTests.xctest */ = {isa = PBXFileReference; explicitFileType = wrapper.cfbundle; includeInIndex = 0; path = MealDBTests.xctest; sourceTree = BUILT_PRODUCTS_DIR; };
		6550516F2BD2F6A7003868B7 /* CategoryTest.swift */ = {isa = PBXFileReference; lastKnownFileType = sourcecode.swift; path = CategoryTest.swift; sourceTree = "<group>"; };
		655051752BD2F6A7003868B7 /* MealDBUITests.xctest */ = {isa = PBXFileReference; explicitFileType = wrapper.cfbundle; includeInIndex = 0; path = MealDBUITests.xctest; sourceTree = BUILT_PRODUCTS_DIR; };
		655051792BD2F6A7003868B7 /* MealDBUITests.swift */ = {isa = PBXFileReference; lastKnownFileType = sourcecode.swift; path = MealDBUITests.swift; sourceTree = "<group>"; };
		6550517B2BD2F6A7003868B7 /* MealDBUITestsLaunchTests.swift */ = {isa = PBXFileReference; lastKnownFileType = sourcecode.swift; path = MealDBUITestsLaunchTests.swift; sourceTree = "<group>"; };
		6550518B2BD2F7D2003868B7 /* HTTPMethod.swift */ = {isa = PBXFileReference; lastKnownFileType = sourcecode.swift; path = HTTPMethod.swift; sourceTree = "<group>"; };
		6550518D2BD2F7E4003868B7 /* NetworkService.swift */ = {isa = PBXFileReference; lastKnownFileType = sourcecode.swift; path = NetworkService.swift; sourceTree = "<group>"; };
		655051902BD2F805003868B7 /* APIEndPoint.swift */ = {isa = PBXFileReference; lastKnownFileType = sourcecode.swift; path = APIEndPoint.swift; sourceTree = "<group>"; };
		655051922BD2F82B003868B7 /* CategoryEndPoint.swift */ = {isa = PBXFileReference; lastKnownFileType = sourcecode.swift; path = CategoryEndPoint.swift; sourceTree = "<group>"; };
		655051962BD2F8F9003868B7 /* Meal.swift */ = {isa = PBXFileReference; lastKnownFileType = sourcecode.swift; path = Meal.swift; sourceTree = "<group>"; };
		6550519B2BD2F9B1003868B7 /* APIService.swift */ = {isa = PBXFileReference; lastKnownFileType = sourcecode.swift; path = APIService.swift; sourceTree = "<group>"; };
		6550519E2BD2FBEB003868B7 /* CategoryRepo.swift */ = {isa = PBXFileReference; lastKnownFileType = sourcecode.swift; path = CategoryRepo.swift; sourceTree = "<group>"; };
		655051A32BD2FC51003868B7 /* CategoryRepoImpl.swift */ = {isa = PBXFileReference; lastKnownFileType = sourcecode.swift; path = CategoryRepoImpl.swift; sourceTree = "<group>"; };
		655051A52BD2FC86003868B7 /* BaseRepo.swift */ = {isa = PBXFileReference; lastKnownFileType = sourcecode.swift; path = BaseRepo.swift; sourceTree = "<group>"; };
		655051A82BD2FE98003868B7 /* FetchDessertMealListUseCase.swift */ = {isa = PBXFileReference; lastKnownFileType = sourcecode.swift; path = FetchDessertMealListUseCase.swift; sourceTree = "<group>"; };
		655051B52BD30596003868B7 /* DessertViewModel.swift */ = {isa = PBXFileReference; lastKnownFileType = sourcecode.swift; path = DessertViewModel.swift; sourceTree = "<group>"; };
		655051B82BD306DD003868B7 /* ViewState.swift */ = {isa = PBXFileReference; lastKnownFileType = sourcecode.swift; path = ViewState.swift; sourceTree = "<group>"; };
		655051BF2BD30AF5003868B7 /* MealViewCell.swift */ = {isa = PBXFileReference; lastKnownFileType = sourcecode.swift; path = MealViewCell.swift; sourceTree = "<group>"; };
		655051C12BD3117F003868B7 /* MealDetail.swift */ = {isa = PBXFileReference; lastKnownFileType = sourcecode.swift; path = MealDetail.swift; sourceTree = "<group>"; };
		655051C32BD31336003868B7 /* MealRepo.swift */ = {isa = PBXFileReference; lastKnownFileType = sourcecode.swift; path = MealRepo.swift; sourceTree = "<group>"; };
		655051C52BD3135F003868B7 /* MealRepoImpl.swift */ = {isa = PBXFileReference; lastKnownFileType = sourcecode.swift; path = MealRepoImpl.swift; sourceTree = "<group>"; };
		655051C72BD31492003868B7 /* MealTest.swift */ = {isa = PBXFileReference; lastKnownFileType = sourcecode.swift; path = MealTest.swift; sourceTree = "<group>"; };
		655051C92BD3152D003868B7 /* MealEndPoint.swift */ = {isa = PBXFileReference; lastKnownFileType = sourcecode.swift; path = MealEndPoint.swift; sourceTree = "<group>"; };
		655051CB2BD31A2A003868B7 /* MealError.swift */ = {isa = PBXFileReference; lastKnownFileType = sourcecode.swift; path = MealError.swift; sourceTree = "<group>"; };
		655051CD2BD31D66003868B7 /* LookUpMealUseCase.swift */ = {isa = PBXFileReference; lastKnownFileType = sourcecode.swift; path = LookUpMealUseCase.swift; sourceTree = "<group>"; };
		655051D02BD31E41003868B7 /* Measurement.swift */ = {isa = PBXFileReference; lastKnownFileType = sourcecode.swift; path = Measurement.swift; sourceTree = "<group>"; };
		655051D92BD325A3003868B7 /* MealDetailView.swift */ = {isa = PBXFileReference; lastKnownFileType = sourcecode.swift; path = MealDetailView.swift; sourceTree = "<group>"; };
		655051DB2BD326EA003868B7 /* MealDetailViewModel.swift */ = {isa = PBXFileReference; lastKnownFileType = sourcecode.swift; path = MealDetailViewModel.swift; sourceTree = "<group>"; };
/* End PBXFileReference section */

/* Begin PBXFrameworksBuildPhase section */
		655051582BD2F6A6003868B7 /* Frameworks */ = {
			isa = PBXFrameworksBuildPhase;
			buildActionMask = 2147483647;
			files = (
				655051BC2BD30A9F003868B7 /* Nuke in Frameworks */,
				655051BE2BD30A9F003868B7 /* NukeUI in Frameworks */,
			);
			runOnlyForDeploymentPostprocessing = 0;
		};
		655051682BD2F6A7003868B7 /* Frameworks */ = {
			isa = PBXFrameworksBuildPhase;
			buildActionMask = 2147483647;
			files = (
			);
			runOnlyForDeploymentPostprocessing = 0;
		};
		655051722BD2F6A7003868B7 /* Frameworks */ = {
			isa = PBXFrameworksBuildPhase;
			buildActionMask = 2147483647;
			files = (
			);
			runOnlyForDeploymentPostprocessing = 0;
		};
/* End PBXFrameworksBuildPhase section */

/* Begin PBXGroup section */
		655051522BD2F6A6003868B7 = {
			isa = PBXGroup;
			children = (
				6550515D2BD2F6A6003868B7 /* MealDB */,
				6550516E2BD2F6A7003868B7 /* MealDBTests */,
				655051782BD2F6A7003868B7 /* MealDBUITests */,
				6550515C2BD2F6A6003868B7 /* Products */,
			);
			sourceTree = "<group>";
		};
		6550515C2BD2F6A6003868B7 /* Products */ = {
			isa = PBXGroup;
			children = (
				6550515B2BD2F6A6003868B7 /* MealDB.app */,
				6550516B2BD2F6A7003868B7 /* MealDBTests.xctest */,
				655051752BD2F6A7003868B7 /* MealDBUITests.xctest */,
			);
			name = Products;
			sourceTree = "<group>";
		};
		6550515D2BD2F6A6003868B7 /* MealDB */ = {
			isa = PBXGroup;
			children = (
				655051882BD2F7A6003868B7 /* PresentationLayer */,
				655051942BD2F8E2003868B7 /* DomainLayer */,
				6550519D2BD2FBD5003868B7 /* DataLayer */,
				655051892BD2F7B3003868B7 /* NetworkLayer */,
				655051B72BD306CC003868B7 /* Common */,
				6550515E2BD2F6A6003868B7 /* MealDBApp.swift */,
				655051622BD2F6A7003868B7 /* Assets.xcassets */,
				655051642BD2F6A7003868B7 /* Preview Content */,
			);
			path = MealDB;
			sourceTree = "<group>";
		};
		655051642BD2F6A7003868B7 /* Preview Content */ = {
			isa = PBXGroup;
			children = (
				655051652BD2F6A7003868B7 /* Preview Assets.xcassets */,
			);
			path = "Preview Content";
			sourceTree = "<group>";
		};
		6550516E2BD2F6A7003868B7 /* MealDBTests */ = {
			isa = PBXGroup;
			children = (
				6550516F2BD2F6A7003868B7 /* CategoryTest.swift */,
				655051C72BD31492003868B7 /* MealTest.swift */,
			);
			path = MealDBTests;
			sourceTree = "<group>";
		};
		655051782BD2F6A7003868B7 /* MealDBUITests */ = {
			isa = PBXGroup;
			children = (
				655051792BD2F6A7003868B7 /* MealDBUITests.swift */,
				6550517B2BD2F6A7003868B7 /* MealDBUITestsLaunchTests.swift */,
			);
			path = MealDBUITests;
			sourceTree = "<group>";
		};
		655051882BD2F7A6003868B7 /* PresentationLayer */ = {
			isa = PBXGroup;
			children = (
				655051D82BD32540003868B7 /* Meal */,
				655051B42BD30574003868B7 /* Category */,
			);
			path = PresentationLayer;
			sourceTree = "<group>";
		};
		655051892BD2F7B3003868B7 /* NetworkLayer */ = {
			isa = PBXGroup;
			children = (
				6550519A2BD2F9A5003868B7 /* API */,
				6550518F2BD2F7F5003868B7 /* APIEndPoint */,
				6550518A2BD2F7C6003868B7 /* Network */,
			);
			path = NetworkLayer;
			sourceTree = "<group>";
		};
		6550518A2BD2F7C6003868B7 /* Network */ = {
			isa = PBXGroup;
			children = (
				6550518B2BD2F7D2003868B7 /* HTTPMethod.swift */,
				6550518D2BD2F7E4003868B7 /* NetworkService.swift */,
			);
			path = Network;
			sourceTree = "<group>";
		};
		6550518F2BD2F7F5003868B7 /* APIEndPoint */ = {
			isa = PBXGroup;
			children = (
				655051902BD2F805003868B7 /* APIEndPoint.swift */,
				655051922BD2F82B003868B7 /* CategoryEndPoint.swift */,
				655051C92BD3152D003868B7 /* MealEndPoint.swift */,
			);
			path = APIEndPoint;
			sourceTree = "<group>";
		};
		655051942BD2F8E2003868B7 /* DomainLayer */ = {
			isa = PBXGroup;
			children = (
				655051A72BD2FE83003868B7 /* UseCases */,
				655051A02BD2FBF2003868B7 /* Repository */,
				655051CF2BD31E1B003868B7 /* ValueObject */,
				655051952BD2F8EE003868B7 /* Entities */,
			);
			path = DomainLayer;
			sourceTree = "<group>";
		};
		655051952BD2F8EE003868B7 /* Entities */ = {
			isa = PBXGroup;
			children = (
				655051962BD2F8F9003868B7 /* Meal.swift */,
				655051C12BD3117F003868B7 /* MealDetail.swift */,
			);
			path = Entities;
			sourceTree = "<group>";
		};
		6550519A2BD2F9A5003868B7 /* API */ = {
			isa = PBXGroup;
			children = (
				6550519B2BD2F9B1003868B7 /* APIService.swift */,
			);
			path = API;
			sourceTree = "<group>";
		};
		6550519D2BD2FBD5003868B7 /* DataLayer */ = {
			isa = PBXGroup;
			children = (
				655051A22BD2FC40003868B7 /* RepostoriesImpl */,
			);
			path = DataLayer;
			sourceTree = "<group>";
		};
		655051A02BD2FBF2003868B7 /* Repository */ = {
			isa = PBXGroup;
			children = (
				6550519E2BD2FBEB003868B7 /* CategoryRepo.swift */,
				655051A52BD2FC86003868B7 /* BaseRepo.swift */,
				655051C32BD31336003868B7 /* MealRepo.swift */,
			);
			path = Repository;
			sourceTree = "<group>";
		};
		655051A22BD2FC40003868B7 /* RepostoriesImpl */ = {
			isa = PBXGroup;
			children = (
				655051A32BD2FC51003868B7 /* CategoryRepoImpl.swift */,
				655051C52BD3135F003868B7 /* MealRepoImpl.swift */,
			);
			path = RepostoriesImpl;
			sourceTree = "<group>";
		};
		655051A72BD2FE83003868B7 /* UseCases */ = {
			isa = PBXGroup;
			children = (
				655051A82BD2FE98003868B7 /* FetchDessertMealListUseCase.swift */,
				655051CD2BD31D66003868B7 /* LookUpMealUseCase.swift */,
			);
			path = UseCases;
			sourceTree = "<group>";
		};
		655051B42BD30574003868B7 /* Category */ = {
			isa = PBXGroup;
			children = (
				655051602BD2F6A6003868B7 /* DessertView.swift */,
				655051B52BD30596003868B7 /* DessertViewModel.swift */,
				655051BF2BD30AF5003868B7 /* MealViewCell.swift */,
			);
			path = Category;
			sourceTree = "<group>";
		};
		655051B72BD306CC003868B7 /* Common */ = {
			isa = PBXGroup;
			children = (
				655051B82BD306DD003868B7 /* ViewState.swift */,
				655051CB2BD31A2A003868B7 /* MealError.swift */,
			);
			path = Common;
			sourceTree = "<group>";
		};
		655051CF2BD31E1B003868B7 /* ValueObject */ = {
			isa = PBXGroup;
			children = (
				655051D02BD31E41003868B7 /* Measurement.swift */,
			);
			path = ValueObject;
			sourceTree = "<group>";
		};
		655051D82BD32540003868B7 /* Meal */ = {
			isa = PBXGroup;
			children = (
				655051D92BD325A3003868B7 /* MealDetailView.swift */,
				655051DB2BD326EA003868B7 /* MealDetailViewModel.swift */,
			);
			path = Meal;
			sourceTree = "<group>";
		};
/* End PBXGroup section */

/* Begin PBXNativeTarget section */
		6550515A2BD2F6A6003868B7 /* MealDB */ = {
			isa = PBXNativeTarget;
			buildConfigurationList = 6550517F2BD2F6A7003868B7 /* Build configuration list for PBXNativeTarget "MealDB" */;
			buildPhases = (
				655051572BD2F6A6003868B7 /* Sources */,
				655051582BD2F6A6003868B7 /* Frameworks */,
				655051592BD2F6A6003868B7 /* Resources */,
			);
			buildRules = (
			);
			dependencies = (
			);
			name = MealDB;
			packageProductDependencies = (
				655051BB2BD30A9F003868B7 /* Nuke */,
				655051BD2BD30A9F003868B7 /* NukeUI */,
			);
			productName = MealDB;
			productReference = 6550515B2BD2F6A6003868B7 /* MealDB.app */;
			productType = "com.apple.product-type.application";
		};
		6550516A2BD2F6A7003868B7 /* MealDBTests */ = {
			isa = PBXNativeTarget;
			buildConfigurationList = 655051822BD2F6A7003868B7 /* Build configuration list for PBXNativeTarget "MealDBTests" */;
			buildPhases = (
				655051672BD2F6A7003868B7 /* Sources */,
				655051682BD2F6A7003868B7 /* Frameworks */,
				655051692BD2F6A7003868B7 /* Resources */,
			);
			buildRules = (
			);
			dependencies = (
				6550516D2BD2F6A7003868B7 /* PBXTargetDependency */,
			);
			name = MealDBTests;
			productName = MealDBTests;
			productReference = 6550516B2BD2F6A7003868B7 /* MealDBTests.xctest */;
			productType = "com.apple.product-type.bundle.unit-test";
		};
		655051742BD2F6A7003868B7 /* MealDBUITests */ = {
			isa = PBXNativeTarget;
			buildConfigurationList = 655051852BD2F6A7003868B7 /* Build configuration list for PBXNativeTarget "MealDBUITests" */;
			buildPhases = (
				655051712BD2F6A7003868B7 /* Sources */,
				655051722BD2F6A7003868B7 /* Frameworks */,
				655051732BD2F6A7003868B7 /* Resources */,
			);
			buildRules = (
			);
			dependencies = (
				655051772BD2F6A7003868B7 /* PBXTargetDependency */,
			);
			name = MealDBUITests;
			productName = MealDBUITests;
			productReference = 655051752BD2F6A7003868B7 /* MealDBUITests.xctest */;
			productType = "com.apple.product-type.bundle.ui-testing";
		};
/* End PBXNativeTarget section */

/* Begin PBXProject section */
		655051532BD2F6A6003868B7 /* Project object */ = {
			isa = PBXProject;
			attributes = {
				BuildIndependentTargetsInParallel = 1;
				LastSwiftUpdateCheck = 1530;
				LastUpgradeCheck = 1530;
				TargetAttributes = {
					6550515A2BD2F6A6003868B7 = {
						CreatedOnToolsVersion = 15.3;
					};
					6550516A2BD2F6A7003868B7 = {
						CreatedOnToolsVersion = 15.3;
						TestTargetID = 6550515A2BD2F6A6003868B7;
					};
					655051742BD2F6A7003868B7 = {
						CreatedOnToolsVersion = 15.3;
						TestTargetID = 6550515A2BD2F6A6003868B7;
					};
				};
			};
			buildConfigurationList = 655051562BD2F6A6003868B7 /* Build configuration list for PBXProject "MealDB" */;
			compatibilityVersion = "Xcode 14.0";
			developmentRegion = en;
			hasScannedForEncodings = 0;
			knownRegions = (
				en,
				Base,
			);
			mainGroup = 655051522BD2F6A6003868B7;
			packageReferences = (
				655051BA2BD30A9F003868B7 /* XCRemoteSwiftPackageReference "Nuke" */,
			);
			productRefGroup = 6550515C2BD2F6A6003868B7 /* Products */;
			projectDirPath = "";
			projectRoot = "";
			targets = (
				6550515A2BD2F6A6003868B7 /* MealDB */,
				6550516A2BD2F6A7003868B7 /* MealDBTests */,
				655051742BD2F6A7003868B7 /* MealDBUITests */,
			);
		};
/* End PBXProject section */

/* Begin PBXResourcesBuildPhase section */
		655051592BD2F6A6003868B7 /* Resources */ = {
			isa = PBXResourcesBuildPhase;
			buildActionMask = 2147483647;
			files = (
				655051662BD2F6A7003868B7 /* Preview Assets.xcassets in Resources */,
				655051632BD2F6A7003868B7 /* Assets.xcassets in Resources */,
			);
			runOnlyForDeploymentPostprocessing = 0;
		};
		655051692BD2F6A7003868B7 /* Resources */ = {
			isa = PBXResourcesBuildPhase;
			buildActionMask = 2147483647;
			files = (
			);
			runOnlyForDeploymentPostprocessing = 0;
		};
		655051732BD2F6A7003868B7 /* Resources */ = {
			isa = PBXResourcesBuildPhase;
			buildActionMask = 2147483647;
			files = (
			);
			runOnlyForDeploymentPostprocessing = 0;
		};
/* End PBXResourcesBuildPhase section */

/* Begin PBXSourcesBuildPhase section */
		655051572BD2F6A6003868B7 /* Sources */ = {
			isa = PBXSourcesBuildPhase;
			buildActionMask = 2147483647;
			files = (
				655051A62BD2FC86003868B7 /* BaseRepo.swift in Sources */,
				655051612BD2F6A6003868B7 /* DessertView.swift in Sources */,
				655051912BD2F805003868B7 /* APIEndPoint.swift in Sources */,
				655051B92BD306DD003868B7 /* ViewState.swift in Sources */,
				655051972BD2F8F9003868B7 /* Meal.swift in Sources */,
				655051CA2BD3152D003868B7 /* MealEndPoint.swift in Sources */,
				6550515F2BD2F6A6003868B7 /* MealDBApp.swift in Sources */,
				655051C62BD3135F003868B7 /* MealRepoImpl.swift in Sources */,
				655051DA2BD325A3003868B7 /* MealDetailView.swift in Sources */,
				6550518E2BD2F7E4003868B7 /* NetworkService.swift in Sources */,
				655051DC2BD326EA003868B7 /* MealDetailViewModel.swift in Sources */,
				655051932BD2F82B003868B7 /* CategoryEndPoint.swift in Sources */,
				6550519C2BD2F9B1003868B7 /* APIService.swift in Sources */,
				655051A92BD2FE98003868B7 /* FetchDessertMealListUseCase.swift in Sources */,
				6550518C2BD2F7D2003868B7 /* HTTPMethod.swift in Sources */,
				6550519F2BD2FBEB003868B7 /* CategoryRepo.swift in Sources */,
				655051C42BD31336003868B7 /* MealRepo.swift in Sources */,
				655051CC2BD31A2A003868B7 /* MealError.swift in Sources */,
				655051D12BD31E41003868B7 /* Measurement.swift in Sources */,
				655051B62BD30596003868B7 /* DessertViewModel.swift in Sources */,
				655051C22BD3117F003868B7 /* MealDetail.swift in Sources */,
				655051CE2BD31D66003868B7 /* LookUpMealUseCase.swift in Sources */,
				655051A42BD2FC51003868B7 /* CategoryRepoImpl.swift in Sources */,
				655051C02BD30AF5003868B7 /* MealViewCell.swift in Sources */,
			);
			runOnlyForDeploymentPostprocessing = 0;
		};
		655051672BD2F6A7003868B7 /* Sources */ = {
			isa = PBXSourcesBuildPhase;
			buildActionMask = 2147483647;
			files = (
				655051C82BD31492003868B7 /* MealTest.swift in Sources */,
				655051B22BD2FEF4003868B7 /* NetworkService.swift in Sources */,
				655051B02BD2FEEE003868B7 /* CategoryEndPoint.swift in Sources */,
				655051AA2BD2FEDD003868B7 /* FetchDessertMealListUseCase.swift in Sources */,
				655051D52BD32306003868B7 /* MealRepoImpl.swift in Sources */,
				655051D72BD32362003868B7 /* MealError.swift in Sources */,
				655051702BD2F6A7003868B7 /* CategoryTest.swift in Sources */,
				655051B32BD300AC003868B7 /* Meal.swift in Sources */,
				655051AC2BD2FEE2003868B7 /* BaseRepo.swift in Sources */,
				655051AB2BD2FEDF003868B7 /* CategoryRepo.swift in Sources */,
				655051D32BD322F4003868B7 /* MealRepo.swift in Sources */,
				655051B12BD2FEF1003868B7 /* HTTPMethod.swift in Sources */,
				655051AE2BD2FEE7003868B7 /* APIService.swift in Sources */,
				655051AD2BD2FEE5003868B7 /* CategoryRepoImpl.swift in Sources */,
				655051D42BD322F6003868B7 /* MealDetail.swift in Sources */,
				655051AF2BD2FEEB003868B7 /* APIEndPoint.swift in Sources */,
				655051D62BD32328003868B7 /* MealEndPoint.swift in Sources */,
				655051D22BD321B9003868B7 /* LookUpMealUseCase.swift in Sources */,
			);
			runOnlyForDeploymentPostprocessing = 0;
		};
		655051712BD2F6A7003868B7 /* Sources */ = {
			isa = PBXSourcesBuildPhase;
			buildActionMask = 2147483647;
			files = (
				6550517A2BD2F6A7003868B7 /* MealDBUITests.swift in Sources */,
				6550517C2BD2F6A7003868B7 /* MealDBUITestsLaunchTests.swift in Sources */,
			);
			runOnlyForDeploymentPostprocessing = 0;
		};
/* End PBXSourcesBuildPhase section */

/* Begin PBXTargetDependency section */
		6550516D2BD2F6A7003868B7 /* PBXTargetDependency */ = {
			isa = PBXTargetDependency;
			target = 6550515A2BD2F6A6003868B7 /* MealDB */;
			targetProxy = 6550516C2BD2F6A7003868B7 /* PBXContainerItemProxy */;
		};
		655051772BD2F6A7003868B7 /* PBXTargetDependency */ = {
			isa = PBXTargetDependency;
			target = 6550515A2BD2F6A6003868B7 /* MealDB */;
			targetProxy = 655051762BD2F6A7003868B7 /* PBXContainerItemProxy */;
		};
/* End PBXTargetDependency section */

/* Begin XCBuildConfiguration section */
		6550517D2BD2F6A7003868B7 /* Debug */ = {
			isa = XCBuildConfiguration;
			buildSettings = {
				ALWAYS_SEARCH_USER_PATHS = NO;
				ASSETCATALOG_COMPILER_GENERATE_SWIFT_ASSET_SYMBOL_EXTENSIONS = YES;
				CLANG_ANALYZER_NONNULL = YES;
				CLANG_ANALYZER_NUMBER_OBJECT_CONVERSION = YES_AGGRESSIVE;
				CLANG_CXX_LANGUAGE_STANDARD = "gnu++20";
				CLANG_ENABLE_MODULES = YES;
				CLANG_ENABLE_OBJC_ARC = YES;
				CLANG_ENABLE_OBJC_WEAK = YES;
				CLANG_WARN_BLOCK_CAPTURE_AUTORELEASING = YES;
				CLANG_WARN_BOOL_CONVERSION = YES;
				CLANG_WARN_COMMA = YES;
				CLANG_WARN_CONSTANT_CONVERSION = YES;
				CLANG_WARN_DEPRECATED_OBJC_IMPLEMENTATIONS = YES;
				CLANG_WARN_DIRECT_OBJC_ISA_USAGE = YES_ERROR;
				CLANG_WARN_DOCUMENTATION_COMMENTS = YES;
				CLANG_WARN_EMPTY_BODY = YES;
				CLANG_WARN_ENUM_CONVERSION = YES;
				CLANG_WARN_INFINITE_RECURSION = YES;
				CLANG_WARN_INT_CONVERSION = YES;
				CLANG_WARN_NON_LITERAL_NULL_CONVERSION = YES;
				CLANG_WARN_OBJC_IMPLICIT_RETAIN_SELF = YES;
				CLANG_WARN_OBJC_LITERAL_CONVERSION = YES;
				CLANG_WARN_OBJC_ROOT_CLASS = YES_ERROR;
				CLANG_WARN_QUOTED_INCLUDE_IN_FRAMEWORK_HEADER = YES;
				CLANG_WARN_RANGE_LOOP_ANALYSIS = YES;
				CLANG_WARN_STRICT_PROTOTYPES = YES;
				CLANG_WARN_SUSPICIOUS_MOVE = YES;
				CLANG_WARN_UNGUARDED_AVAILABILITY = YES_AGGRESSIVE;
				CLANG_WARN_UNREACHABLE_CODE = YES;
				CLANG_WARN__DUPLICATE_METHOD_MATCH = YES;
				COPY_PHASE_STRIP = NO;
				DEBUG_INFORMATION_FORMAT = dwarf;
				ENABLE_STRICT_OBJC_MSGSEND = YES;
				ENABLE_TESTABILITY = YES;
				ENABLE_USER_SCRIPT_SANDBOXING = YES;
				GCC_C_LANGUAGE_STANDARD = gnu17;
				GCC_DYNAMIC_NO_PIC = NO;
				GCC_NO_COMMON_BLOCKS = YES;
				GCC_OPTIMIZATION_LEVEL = 0;
				GCC_PREPROCESSOR_DEFINITIONS = (
					"DEBUG=1",
					"$(inherited)",
				);
				GCC_WARN_64_TO_32_BIT_CONVERSION = YES;
				GCC_WARN_ABOUT_RETURN_TYPE = YES_ERROR;
				GCC_WARN_UNDECLARED_SELECTOR = YES;
				GCC_WARN_UNINITIALIZED_AUTOS = YES_AGGRESSIVE;
				GCC_WARN_UNUSED_FUNCTION = YES;
				GCC_WARN_UNUSED_VARIABLE = YES;
				IPHONEOS_DEPLOYMENT_TARGET = 17.4;
				LOCALIZATION_PREFERS_STRING_CATALOGS = YES;
				MTL_ENABLE_DEBUG_INFO = INCLUDE_SOURCE;
				MTL_FAST_MATH = YES;
				ONLY_ACTIVE_ARCH = YES;
				SDKROOT = iphoneos;
				SWIFT_ACTIVE_COMPILATION_CONDITIONS = "DEBUG $(inherited)";
				SWIFT_OPTIMIZATION_LEVEL = "-Onone";
			};
			name = Debug;
		};
		6550517E2BD2F6A7003868B7 /* Release */ = {
			isa = XCBuildConfiguration;
			buildSettings = {
				ALWAYS_SEARCH_USER_PATHS = NO;
				ASSETCATALOG_COMPILER_GENERATE_SWIFT_ASSET_SYMBOL_EXTENSIONS = YES;
				CLANG_ANALYZER_NONNULL = YES;
				CLANG_ANALYZER_NUMBER_OBJECT_CONVERSION = YES_AGGRESSIVE;
				CLANG_CXX_LANGUAGE_STANDARD = "gnu++20";
				CLANG_ENABLE_MODULES = YES;
				CLANG_ENABLE_OBJC_ARC = YES;
				CLANG_ENABLE_OBJC_WEAK = YES;
				CLANG_WARN_BLOCK_CAPTURE_AUTORELEASING = YES;
				CLANG_WARN_BOOL_CONVERSION = YES;
				CLANG_WARN_COMMA = YES;
				CLANG_WARN_CONSTANT_CONVERSION = YES;
				CLANG_WARN_DEPRECATED_OBJC_IMPLEMENTATIONS = YES;
				CLANG_WARN_DIRECT_OBJC_ISA_USAGE = YES_ERROR;
				CLANG_WARN_DOCUMENTATION_COMMENTS = YES;
				CLANG_WARN_EMPTY_BODY = YES;
				CLANG_WARN_ENUM_CONVERSION = YES;
				CLANG_WARN_INFINITE_RECURSION = YES;
				CLANG_WARN_INT_CONVERSION = YES;
				CLANG_WARN_NON_LITERAL_NULL_CONVERSION = YES;
				CLANG_WARN_OBJC_IMPLICIT_RETAIN_SELF = YES;
				CLANG_WARN_OBJC_LITERAL_CONVERSION = YES;
				CLANG_WARN_OBJC_ROOT_CLASS = YES_ERROR;
				CLANG_WARN_QUOTED_INCLUDE_IN_FRAMEWORK_HEADER = YES;
				CLANG_WARN_RANGE_LOOP_ANALYSIS = YES;
				CLANG_WARN_STRICT_PROTOTYPES = YES;
				CLANG_WARN_SUSPICIOUS_MOVE = YES;
				CLANG_WARN_UNGUARDED_AVAILABILITY = YES_AGGRESSIVE;
				CLANG_WARN_UNREACHABLE_CODE = YES;
				CLANG_WARN__DUPLICATE_METHOD_MATCH = YES;
				COPY_PHASE_STRIP = NO;
				DEBUG_INFORMATION_FORMAT = "dwarf-with-dsym";
				ENABLE_NS_ASSERTIONS = NO;
				ENABLE_STRICT_OBJC_MSGSEND = YES;
				ENABLE_USER_SCRIPT_SANDBOXING = YES;
				GCC_C_LANGUAGE_STANDARD = gnu17;
				GCC_NO_COMMON_BLOCKS = YES;
				GCC_WARN_64_TO_32_BIT_CONVERSION = YES;
				GCC_WARN_ABOUT_RETURN_TYPE = YES_ERROR;
				GCC_WARN_UNDECLARED_SELECTOR = YES;
				GCC_WARN_UNINITIALIZED_AUTOS = YES_AGGRESSIVE;
				GCC_WARN_UNUSED_FUNCTION = YES;
				GCC_WARN_UNUSED_VARIABLE = YES;
				IPHONEOS_DEPLOYMENT_TARGET = 17.4;
				LOCALIZATION_PREFERS_STRING_CATALOGS = YES;
				MTL_ENABLE_DEBUG_INFO = NO;
				MTL_FAST_MATH = YES;
				SDKROOT = iphoneos;
				SWIFT_COMPILATION_MODE = wholemodule;
				VALIDATE_PRODUCT = YES;
			};
			name = Release;
		};
		655051802BD2F6A7003868B7 /* Debug */ = {
			isa = XCBuildConfiguration;
			buildSettings = {
				ASSETCATALOG_COMPILER_APPICON_NAME = AppIcon;
				ASSETCATALOG_COMPILER_GLOBAL_ACCENT_COLOR_NAME = AccentColor;
				CODE_SIGN_STYLE = Automatic;
				CURRENT_PROJECT_VERSION = 1;
				DEVELOPMENT_ASSET_PATHS = "\"MealDB/Preview Content\"";
				DEVELOPMENT_TEAM = 9JFZ8AA25K;
				ENABLE_PREVIEWS = YES;
				GENERATE_INFOPLIST_FILE = YES;
				INFOPLIST_KEY_UIApplicationSceneManifest_Generation = YES;
				INFOPLIST_KEY_UIApplicationSupportsIndirectInputEvents = YES;
				INFOPLIST_KEY_UILaunchScreen_Generation = YES;
				INFOPLIST_KEY_UISupportedInterfaceOrientations_iPad = "UIInterfaceOrientationPortrait UIInterfaceOrientationPortraitUpsideDown UIInterfaceOrientationLandscapeLeft UIInterfaceOrientationLandscapeRight";
				INFOPLIST_KEY_UISupportedInterfaceOrientations_iPhone = "UIInterfaceOrientationPortrait UIInterfaceOrientationLandscapeLeft UIInterfaceOrientationLandscapeRight";
				IPHONEOS_DEPLOYMENT_TARGET = 15.0;
				LD_RUNPATH_SEARCH_PATHS = (
					"$(inherited)",
					"@executable_path/Frameworks",
				);
				MARKETING_VERSION = 1.0;
				PRODUCT_BUNDLE_IDENTIFIER = xyz.htainlinshwe.MealDB;
				PRODUCT_NAME = "$(TARGET_NAME)";
				SWIFT_EMIT_LOC_STRINGS = YES;
				SWIFT_VERSION = 5.0;
				TARGETED_DEVICE_FAMILY = "1,2";
			};
			name = Debug;
		};
		655051812BD2F6A7003868B7 /* Release */ = {
			isa = XCBuildConfiguration;
			buildSettings = {
				ASSETCATALOG_COMPILER_APPICON_NAME = AppIcon;
				ASSETCATALOG_COMPILER_GLOBAL_ACCENT_COLOR_NAME = AccentColor;
				CODE_SIGN_STYLE = Automatic;
				CURRENT_PROJECT_VERSION = 1;
				DEVELOPMENT_ASSET_PATHS = "\"MealDB/Preview Content\"";
				DEVELOPMENT_TEAM = 9JFZ8AA25K;
				ENABLE_PREVIEWS = YES;
				GENERATE_INFOPLIST_FILE = YES;
				INFOPLIST_KEY_UIApplicationSceneManifest_Generation = YES;
				INFOPLIST_KEY_UIApplicationSupportsIndirectInputEvents = YES;
				INFOPLIST_KEY_UILaunchScreen_Generation = YES;
				INFOPLIST_KEY_UISupportedInterfaceOrientations_iPad = "UIInterfaceOrientationPortrait UIInterfaceOrientationPortraitUpsideDown UIInterfaceOrientationLandscapeLeft UIInterfaceOrientationLandscapeRight";
				INFOPLIST_KEY_UISupportedInterfaceOrientations_iPhone = "UIInterfaceOrientationPortrait UIInterfaceOrientationLandscapeLeft UIInterfaceOrientationLandscapeRight";
				IPHONEOS_DEPLOYMENT_TARGET = 15.0;
				LD_RUNPATH_SEARCH_PATHS = (
					"$(inherited)",
					"@executable_path/Frameworks",
				);
				MARKETING_VERSION = 1.0;
				PRODUCT_BUNDLE_IDENTIFIER = xyz.htainlinshwe.MealDB;
				PRODUCT_NAME = "$(TARGET_NAME)";
				SWIFT_EMIT_LOC_STRINGS = YES;
				SWIFT_VERSION = 5.0;
				TARGETED_DEVICE_FAMILY = "1,2";
			};
			name = Release;
		};
		655051832BD2F6A7003868B7 /* Debug */ = {
			isa = XCBuildConfiguration;
			buildSettings = {
				ALWAYS_EMBED_SWIFT_STANDARD_LIBRARIES = YES;
				BUNDLE_LOADER = "$(TEST_HOST)";
				CODE_SIGN_STYLE = Automatic;
				CURRENT_PROJECT_VERSION = 1;
				DEVELOPMENT_TEAM = 9JFZ8AA25K;
				GENERATE_INFOPLIST_FILE = YES;
				IPHONEOS_DEPLOYMENT_TARGET = 17.4;
				MARKETING_VERSION = 1.0;
				PRODUCT_BUNDLE_IDENTIFIER = xyz.htainlinshwe.MealDBTests;
				PRODUCT_NAME = "$(TARGET_NAME)";
				SWIFT_EMIT_LOC_STRINGS = NO;
				SWIFT_VERSION = 5.0;
				TARGETED_DEVICE_FAMILY = "1,2";
				TEST_HOST = "$(BUILT_PRODUCTS_DIR)/MealDB.app/$(BUNDLE_EXECUTABLE_FOLDER_PATH)/MealDB";
			};
			name = Debug;
		};
		655051842BD2F6A7003868B7 /* Release */ = {
			isa = XCBuildConfiguration;
			buildSettings = {
				ALWAYS_EMBED_SWIFT_STANDARD_LIBRARIES = YES;
				BUNDLE_LOADER = "$(TEST_HOST)";
				CODE_SIGN_STYLE = Automatic;
				CURRENT_PROJECT_VERSION = 1;
				DEVELOPMENT_TEAM = 9JFZ8AA25K;
				GENERATE_INFOPLIST_FILE = YES;
				IPHONEOS_DEPLOYMENT_TARGET = 17.4;
				MARKETING_VERSION = 1.0;
				PRODUCT_BUNDLE_IDENTIFIER = xyz.htainlinshwe.MealDBTests;
				PRODUCT_NAME = "$(TARGET_NAME)";
				SWIFT_EMIT_LOC_STRINGS = NO;
				SWIFT_VERSION = 5.0;
				TARGETED_DEVICE_FAMILY = "1,2";
				TEST_HOST = "$(BUILT_PRODUCTS_DIR)/MealDB.app/$(BUNDLE_EXECUTABLE_FOLDER_PATH)/MealDB";
			};
			name = Release;
		};
		655051862BD2F6A7003868B7 /* Debug */ = {
			isa = XCBuildConfiguration;
			buildSettings = {
				ALWAYS_EMBED_SWIFT_STANDARD_LIBRARIES = YES;
				CODE_SIGN_STYLE = Automatic;
				CURRENT_PROJECT_VERSION = 1;
				DEVELOPMENT_TEAM = 9JFZ8AA25K;
				GENERATE_INFOPLIST_FILE = YES;
				MARKETING_VERSION = 1.0;
				PRODUCT_BUNDLE_IDENTIFIER = xyz.htainlinshwe.MealDBUITests;
				PRODUCT_NAME = "$(TARGET_NAME)";
				SWIFT_EMIT_LOC_STRINGS = NO;
				SWIFT_VERSION = 5.0;
				TARGETED_DEVICE_FAMILY = "1,2";
				TEST_TARGET_NAME = MealDB;
			};
			name = Debug;
		};
		655051872BD2F6A7003868B7 /* Release */ = {
			isa = XCBuildConfiguration;
			buildSettings = {
				ALWAYS_EMBED_SWIFT_STANDARD_LIBRARIES = YES;
				CODE_SIGN_STYLE = Automatic;
				CURRENT_PROJECT_VERSION = 1;
				DEVELOPMENT_TEAM = 9JFZ8AA25K;
				GENERATE_INFOPLIST_FILE = YES;
				MARKETING_VERSION = 1.0;
				PRODUCT_BUNDLE_IDENTIFIER = xyz.htainlinshwe.MealDBUITests;
				PRODUCT_NAME = "$(TARGET_NAME)";
				SWIFT_EMIT_LOC_STRINGS = NO;
				SWIFT_VERSION = 5.0;
				TARGETED_DEVICE_FAMILY = "1,2";
				TEST_TARGET_NAME = MealDB;
			};
			name = Release;
		};
/* End XCBuildConfiguration section */

/* Begin XCConfigurationList section */
		655051562BD2F6A6003868B7 /* Build configuration list for PBXProject "MealDB" */ = {
			isa = XCConfigurationList;
			buildConfigurations = (
				6550517D2BD2F6A7003868B7 /* Debug */,
				6550517E2BD2F6A7003868B7 /* Release */,
			);
			defaultConfigurationIsVisible = 0;
			defaultConfigurationName = Release;
		};
		6550517F2BD2F6A7003868B7 /* Build configuration list for PBXNativeTarget "MealDB" */ = {
			isa = XCConfigurationList;
			buildConfigurations = (
				655051802BD2F6A7003868B7 /* Debug */,
				655051812BD2F6A7003868B7 /* Release */,
			);
			defaultConfigurationIsVisible = 0;
			defaultConfigurationName = Release;
		};
		655051822BD2F6A7003868B7 /* Build configuration list for PBXNativeTarget "MealDBTests" */ = {
			isa = XCConfigurationList;
			buildConfigurations = (
				655051832BD2F6A7003868B7 /* Debug */,
				655051842BD2F6A7003868B7 /* Release */,
			);
			defaultConfigurationIsVisible = 0;
			defaultConfigurationName = Release;
		};
		655051852BD2F6A7003868B7 /* Build configuration list for PBXNativeTarget "MealDBUITests" */ = {
			isa = XCConfigurationList;
			buildConfigurations = (
				655051862BD2F6A7003868B7 /* Debug */,
				655051872BD2F6A7003868B7 /* Release */,
			);
			defaultConfigurationIsVisible = 0;
			defaultConfigurationName = Release;
		};
/* End XCConfigurationList section */

/* Begin XCRemoteSwiftPackageReference section */
		655051BA2BD30A9F003868B7 /* XCRemoteSwiftPackageReference "Nuke" */ = {
			isa = XCRemoteSwiftPackageReference;
			repositoryURL = "https://github.com/kean/Nuke.git";
			requirement = {
				kind = upToNextMajorVersion;
				minimumVersion = 12.5.0;
			};
		};
/* End XCRemoteSwiftPackageReference section */

/* Begin XCSwiftPackageProductDependency section */
		655051BB2BD30A9F003868B7 /* Nuke */ = {
			isa = XCSwiftPackageProductDependency;
			package = 655051BA2BD30A9F003868B7 /* XCRemoteSwiftPackageReference "Nuke" */;
			productName = Nuke;
		};
		655051BD2BD30A9F003868B7 /* NukeUI */ = {
			isa = XCSwiftPackageProductDependency;
			package = 655051BA2BD30A9F003868B7 /* XCRemoteSwiftPackageReference "Nuke" */;
			productName = NukeUI;
		};
/* End XCSwiftPackageProductDependency section */
	};
	rootObject = 655051532BD2F6A6003868B7 /* Project object */;
}
