{
  "originHash" : "6e25c0693230baab91cf5a7e30367af2fa1fff29dc20d65d97e33aa5c65d5ad0",
  "pins" : [
    {
      "identity" : "nuke",
      "kind" : "remoteSourceControl",
      "location" : "https://github.com/kean/Nuke.git",
      "state" : {
        "revision" : "4625c73ea00a9fb4b4f3e28d95d0021a44af7e59",
        "version" : "12.5.0"
      }
    }
  ],
  "version" : 3
}
